
Microsoft Visual Studio Solution File, Format Version 12.00
# Visual Studio Version 16
VisualStudioVersion = 16.0.30204.135
MinimumVisualStudioVersion = 10.0.40219.1
Project("{FAE04EC0-301F-11D3-BF4B-00C04F79EFBC}") = "Lab 3_5DotNetContainsSpamChecker", "Lab 3_5DotNetContainsSpamChecker.csproj", "{9F934580-B06C-43A0-98AC-FC51BEF00193}"
EndProject
Global
	GlobalSection(SolutionConfigurationPlatforms) = preSolution
		Debug|Any CPU = Debug|Any CPU
		Release|Any CPU = Release|Any CPU
	EndGlobalSection
	GlobalSection(ProjectConfigurationPlatforms) = postSolution
		{9F934580-B06C-43A0-98AC-FC51BEF00193}.Debug|Any CPU.ActiveCfg = Debug|Any CPU
		{9F934580-B06C-43A0-98AC-FC51BEF00193}.Debug|Any CPU.Build.0 = Debug|Any CPU
		{9F934580-B06C-43A0-98AC-FC51BEF00193}.Release|Any CPU.ActiveCfg = Release|Any CPU
		{9F934580-B06C-43A0-98AC-FC51BEF00193}.Release|Any CPU.Build.0 = Release|Any CPU
	EndGlobalSection
	GlobalSection(SolutionProperties) = preSolution
		HideSolutionNode = FALSE
	EndGlobalSection
	GlobalSection(ExtensibilityGlobals) = postSolution
		SolutionGuid = {A99E23A4-193E-4EC8-B25E-7B8C93C20E27}
	EndGlobalSection
EndGlobal
